
Microsoft Visual Studio Solution File, Format Version 12.00
# Visual Studio 14
VisualStudioVersion = 14.0.25420.1
MinimumVisualStudioVersion = 10.0.40219.1
Project("{FAE04EC0-301F-11D3-BF4B-00C04F79EFBC}") = "Wholegame.Core", "Wholegame.Core\Wholegame.Core.csproj", "{991F3759-D707-443C-B8D0-8A573F3021D2}"
EndProject
Project("{FAE04EC0-301F-11D3-BF4B-00C04F79EFBC}") = "Wholegame.ConsoleApp", "Wholegame.ConsoleApp\Wholegame.ConsoleApp.csproj", "{63582606-F173-4A8B-A197-5CD5B149351B}"
EndProject
Global
	GlobalSection(SolutionConfigurationPlatforms) = preSolution
		Debug|Any CPU = Debug|Any CPU
		Release|Any CPU = Release|Any CPU
	EndGlobalSection
	GlobalSection(ProjectConfigurationPlatforms) = postSolution
		{991F3759-D707-443C-B8D0-8A573F3021D2}.Debug|Any CPU.ActiveCfg = Debug|Any CPU
		{991F3759-D707-443C-B8D0-8A573F3021D2}.Debug|Any CPU.Build.0 = Debug|Any CPU
		{991F3759-D707-443C-B8D0-8A573F3021D2}.Release|Any CPU.ActiveCfg = Release|Any CPU
		{991F3759-D707-443C-B8D0-8A573F3021D2}.Release|Any CPU.Build.0 = Release|Any CPU
		{63582606-F173-4A8B-A197-5CD5B149351B}.Debug|Any CPU.ActiveCfg = Debug|Any CPU
		{63582606-F173-4A8B-A197-5CD5B149351B}.Debug|Any CPU.Build.0 = Debug|Any CPU
		{63582606-F173-4A8B-A197-5CD5B149351B}.Release|Any CPU.ActiveCfg = Release|Any CPU
		{63582606-F173-4A8B-A197-5CD5B149351B}.Release|Any CPU.Build.0 = Release|Any CPU
	EndGlobalSection
	GlobalSection(SolutionProperties) = preSolution
		HideSolutionNode = FALSE
	EndGlobalSection
EndGlobal
